
Microsoft Visual Studio Solution File, Format Version 12.00
# Visual Studio Version 17
VisualStudioVersion = 17.1.32210.238
MinimumVisualStudioVersion = 10.0.40219.1
Project("{FAE04EC0-301F-11D3-BF4B-00C04F79EFBC}") = "Calculadora", "Calculadora\Calculadora.csproj", "{7544550A-5347-4A97-9B4E-C615F0A1A271}"
EndProject
Global
	GlobalSection(SolutionConfigurationPlatforms) = preSolution
		Debug|Any CPU = Debug|Any CPU
		Release|Any CPU = Release|Any CPU
	EndGlobalSection
	GlobalSection(ProjectConfigurationPlatforms) = postSolution
		{7544550A-5347-4A97-9B4E-C615F0A1A271}.Debug|Any CPU.ActiveCfg = Debug|Any CPU
		{7544550A-5347-4A97-9B4E-C615F0A1A271}.Debug|Any CPU.Build.0 = Debug|Any CPU
		{7544550A-5347-4A97-9B4E-C615F0A1A271}.Release|Any CPU.ActiveCfg = Release|Any CPU
		{7544550A-5347-4A97-9B4E-C615F0A1A271}.Release|Any CPU.Build.0 = Release|Any CPU
	EndGlobalSection
	GlobalSection(SolutionProperties) = preSolution
		HideSolutionNode = FALSE
	EndGlobalSection
	GlobalSection(ExtensibilityGlobals) = postSolution
		SolutionGuid = {427A96EB-C808-4294-AEB8-FC17C16E9092}
	EndGlobalSection
EndGlobal
